Microsoft Visual Studio Solution File, Format Version 11.00
# Visual Studio 2010
Project("{8BC9CEB8-8B4A-11D0-8D11-00A0C91BC942}") = "testMP3Streamer", "testMP3Streamer\testMP3Streamer.vcxproj", "{551AFCDF-87B3-4B12-8256-A1489EC619C1}"
EndProject
Project("{8BC9CEB8-8B4A-11D0-8D11-00A0C91BC942}") = "liblive555", "liblive555\liblive555.vcxproj", "{5D38AA6C-862A-490B-8A9B-6EE04A038FA9}"
EndProject
Project("{8BC9CEB8-8B4A-11D0-8D11-00A0C91BC942}") = "testMPEG4VideoStreamer", "testMPEG4VideoStreamer\testMPEG4VideoStreamer.vcxproj", "{2DA50F66-1382-47C7-8850-49D52FDD938C}"
EndProject
Project("{8BC9CEB8-8B4A-11D0-8D11-00A0C91BC942}") = "testH264VideoStreamer", "testH264VideoStreamer\testH264VideoStreamer.vcxproj", "{49EC6EA8-E3D5-4534-ACBC-285C36E90826}"
EndProject
Project("{8BC9CEB8-8B4A-11D0-8D11-00A0C91BC942}") = "MediaServer", "MediaServer\MediaServer.vcxproj", "{D4327479-ACC1-4C41-BC3E-917FB0390E64}"
EndProject
Global
	GlobalSection(SolutionConfigurationPlatforms) = preSolution
		Debug|Win32 = Debug|Win32
		Release|Win32 = Release|Win32
	EndGlobalSection
	GlobalSection(ProjectConfigurationPlatforms) = postSolution
		{551AFCDF-87B3-4B12-8256-A1489EC619C1}.Debug|Win32.ActiveCfg = Debug|Win32
		{551AFCDF-87B3-4B12-8256-A1489EC619C1}.Debug|Win32.Build.0 = Debug|Win32
		{551AFCDF-87B3-4B12-8256-A1489EC619C1}.Release|Win32.ActiveCfg = Release|Win32
		{551AFCDF-87B3-4B12-8256-A1489EC619C1}.Release|Win32.Build.0 = Release|Win32
		{5D38AA6C-862A-490B-8A9B-6EE04A038FA9}.Debug|Win32.ActiveCfg = Debug|Win32
		{5D38AA6C-862A-490B-8A9B-6EE04A038FA9}.Debug|Win32.Build.0 = Debug|Win32
		{5D38AA6C-862A-490B-8A9B-6EE04A038FA9}.Release|Win32.ActiveCfg = Release|Win32
		{5D38AA6C-862A-490B-8A9B-6EE04A038FA9}.Release|Win32.Build.0 = Release|Win32
		{2DA50F66-1382-47C7-8850-49D52FDD938C}.Debug|Win32.ActiveCfg = Debug|Win32
		{2DA50F66-1382-47C7-8850-49D52FDD938C}.Debug|Win32.Build.0 = Debug|Win32
		{2DA50F66-1382-47C7-8850-49D52FDD938C}.Release|Win32.ActiveCfg = Release|Win32
		{2DA50F66-1382-47C7-8850-49D52FDD938C}.Release|Win32.Build.0 = Release|Win32
		{49EC6EA8-E3D5-4534-ACBC-285C36E90826}.Debug|Win32.ActiveCfg = Debug|Win32
		{49EC6EA8-E3D5-4534-ACBC-285C36E90826}.Debug|Win32.Build.0 = Debug|Win32
		{49EC6EA8-E3D5-4534-ACBC-285C36E90826}.Release|Win32.ActiveCfg = Release|Win32
		{49EC6EA8-E3D5-4534-ACBC-285C36E90826}.Release|Win32.Build.0 = Release|Win32
		{D4327479-ACC1-4C41-BC3E-917FB0390E64}.Debug|Win32.ActiveCfg = Debug|Win32
		{D4327479-ACC1-4C41-BC3E-917FB0390E64}.Debug|Win32.Build.0 = Debug|Win32
		{D4327479-ACC1-4C41-BC3E-917FB0390E64}.Release|Win32.ActiveCfg = Release|Win32
		{D4327479-ACC1-4C41-BC3E-917FB0390E64}.Release|Win32.Build.0 = Release|Win32
	EndGlobalSection
	GlobalSection(SolutionProperties) = preSolution
		HideSolutionNode = FALSE
	EndGlobalSection
EndGlobal
